{
    "lockfile_version": "1.0",
    "created_at": "2026-06-29T17:04:44.151726+08:00",
    "invocation": {
        "command": "tb",
        "args": [
            "run",
            "--dataset",
            "terminal-bench-core==0.1.1",
            "--task-id",
            "hello-world",
            "--task-id",
            "vim-terminal-task",
            "--task-id",
            "extract-safely",
            "--task-id",
            "create-bucket",
            "--task-id",
            "csv-to-parquet",
            "--task-id",
            "fix-permissions",
            "--task-id",
            "processing-pipeline",
            "--task-id",
            "simple-web-scraper",
            "--task-id",
            "git-workflow-hack",
            "--task-id",
            "heterogeneous-dates",
            "--task-id",
            "modernize-fortran-build",
            "--task-id",
            "security-vulhub-minio",
            "--task-id",
            "fix-git",
            "--task-id",
            "fix-pandas-version",
            "--task-id",
            "fibonacci-server",
            "--task-id",
            "get-bitcoin-nodes",
            "--task-id",
            "grid-pattern-transform",
            "--task-id",
            "simple-sheets-put",
            "--task-id",
            "sqlite-db-truncate",
            "--task-id",
            "tmux-advanced-workflow",
            "--task-id",
            "new-encrypt-command",
            "--task-id",
            "openssl-selfsigned-cert",
            "--task-id",
            "nginx-request-logging",
            "--task-id",
            "crack-7z-hash.easy",
            "--task-id",
            "sanitize-git-repo",
            "--task-id",
            "raman-fitting.easy",
            "--task-id",
            "reshard-c4-data",
            "--task-id",
            "polyglot-c-py",
            "--task-id",
            "sqlite-with-gcov",
            "--task-id",
            "swe-bench-langcodes",
            "--n-concurrent",
            "1",
            "--output-path",
            "/Users/bytedance/golang_pro/cynosure/cynosure/evals/runs/tb30-20260629/terminal_bench",
            "--run-id",
            "tb30-20260629",
            "--agent-import-path",
            "cynosure_agent:CynosureTerminalBenchAgent",
            "--agent-kwarg",
            "binary_path=/Users/bytedance/golang_pro/cynosure/cynosure/evals/runs/tb30-20260629/cynosure-eval-agent-linux-arm64",
            "--agent-kwarg",
            "settings_path=/Users/bytedance/.cynosure/settings.json",
            "--agent-kwarg",
            "timeout_sec=1200",
            "--global-test-timeout-sec",
            "900",
            "--cleanup",
            "--no-upload-results"
        ]
    },
    "harness": {
        "package": "terminal-bench",
        "version": "0.2.18",
        "is_editable_installation": false
    },
    "agent": {
        "name": "cynosure",
        "import_path": "cynosure_agent:CynosureTerminalBenchAgent",
        "model_name": null,
        "extra_kwargs": {
            "no_rebuild": false,
            "binary_path": "/Users/bytedance/golang_pro/cynosure/cynosure/evals/runs/tb30-20260629/cynosure-eval-agent-linux-arm64",
            "settings_path": "/Users/bytedance/.cynosure/settings.json",
            "timeout_sec": 1200
        }
    },
    "run_config": {
        "log_level": "info",
        "livestream": false,
        "n_concurrent_trials": 1,
        "n_attempts": 1,
        "no_rebuild": false,
        "cleanup": true,
        "global_timeout_multiplier": 1.0,
        "global_agent_timeout_sec": null,
        "global_test_timeout_sec": 900.0
    },
    "dataset": {
        "name": "terminal-bench-core",
        "version": "0.1.1",
        "local_path": null,
        "task_ids": [
            "grid-pattern-transform",
            "security-vulhub-minio",
            "create-bucket",
            "polyglot-c-py",
            "fibonacci-server",
            "git-workflow-hack",
            "crack-7z-hash.easy",
            "raman-fitting.easy",
            "simple-web-scraper",
            "hello-world",
            "new-encrypt-command",
            "csv-to-parquet",
            "heterogeneous-dates",
            "processing-pipeline",
            "tmux-advanced-workflow",
            "openssl-selfsigned-cert",
            "reshard-c4-data",
            "modernize-fortran-build",
            "simple-sheets-put",
            "fix-git",
            "nginx-request-logging",
            "fix-pandas-version",
            "get-bitcoin-nodes",
            "fix-permissions",
            "sqlite-db-truncate",
            "sqlite-with-gcov",
            "swe-bench-langcodes",
            "sanitize-git-repo",
            "extract-safely",
            "vim-terminal-task"
        ],
        "registry_url": null,
        "local_registry_path": null
    },
    "local_config": {
        "output_path": "/Users/bytedance/golang_pro/cynosure/cynosure/evals/runs/tb30-20260629/terminal_bench",
        "run_id": "tb30-20260629",
        "upload_results": false
    }
}